
Microsoft Visual Studio Solution File, Format Version 12.00
# Visual Studio 15
VisualStudioVersion = 15.0.27130.2036
MinimumVisualStudioVersion = 10.0.40219.1
Project("{FAE04EC0-301F-11D3-BF4B-00C04F79EFBC}") = "AssemblyBrowserLibrary", "AssemblyBrowserLibrary\AssemblyBrowserLibrary.csproj", "{B212AD72-513E-4A50-9F2F-095EF13E1B7A}"
EndProject
Project("{FAE04EC0-301F-11D3-BF4B-00C04F79EFBC}") = "AssemblyBrowserView", "AssemblyBrowserView\AssemblyBrowserView.csproj", "{13C71696-337F-4DA4-B18F-86F4111EBAD7}"
EndProject
Project("{FAE04EC0-301F-11D3-BF4B-00C04F79EFBC}") = "AssemblyBrowserTests", "AssemblyBrowserTests\AssemblyBrowserTests.csproj", "{3ED4EBAE-0E1A-4097-B821-D7FC5F1F2763}"
EndProject
Global
	GlobalSection(SolutionConfigurationPlatforms) = preSolution
		Debug|Any CPU = Debug|Any CPU
		Release|Any CPU = Release|Any CPU
	EndGlobalSection
	GlobalSection(ProjectConfigurationPlatforms) = postSolution
		{B212AD72-513E-4A50-9F2F-095EF13E1B7A}.Debug|Any CPU.ActiveCfg = Debug|Any CPU
		{B212AD72-513E-4A50-9F2F-095EF13E1B7A}.Debug|Any CPU.Build.0 = Debug|Any CPU
		{B212AD72-513E-4A50-9F2F-095EF13E1B7A}.Release|Any CPU.ActiveCfg = Release|Any CPU
		{B212AD72-513E-4A50-9F2F-095EF13E1B7A}.Release|Any CPU.Build.0 = Release|Any CPU
		{13C71696-337F-4DA4-B18F-86F4111EBAD7}.Debug|Any CPU.ActiveCfg = Debug|Any CPU
		{13C71696-337F-4DA4-B18F-86F4111EBAD7}.Debug|Any CPU.Build.0 = Debug|Any CPU
		{13C71696-337F-4DA4-B18F-86F4111EBAD7}.Release|Any CPU.ActiveCfg = Release|Any CPU
		{13C71696-337F-4DA4-B18F-86F4111EBAD7}.Release|Any CPU.Build.0 = Release|Any CPU
		{3ED4EBAE-0E1A-4097-B821-D7FC5F1F2763}.Debug|Any CPU.ActiveCfg = Debug|Any CPU
		{3ED4EBAE-0E1A-4097-B821-D7FC5F1F2763}.Debug|Any CPU.Build.0 = Debug|Any CPU
		{3ED4EBAE-0E1A-4097-B821-D7FC5F1F2763}.Release|Any CPU.ActiveCfg = Release|Any CPU
		{3ED4EBAE-0E1A-4097-B821-D7FC5F1F2763}.Release|Any CPU.Build.0 = Release|Any CPU
	EndGlobalSection
	GlobalSection(SolutionProperties) = preSolution
		HideSolutionNode = FALSE
	EndGlobalSection
	GlobalSection(ExtensibilityGlobals) = postSolution
		SolutionGuid = {9EFF00B2-74F7-41AA-87F5-C7F09B8B72B5}
	EndGlobalSection
EndGlobal
